
Microsoft Visual Studio Solution File, Format Version 12.00
# Visual Studio 15
VisualStudioVersion = 15.0.26228.9
MinimumVisualStudioVersion = 10.0.40219.1
Project("{2150E333-8FDC-42A3-9474-1A3956D46DE8}") = "Publish Profiles", "Publish Profiles", "{19AAB43E-CC15-4E7D-8D55-1CE5949B2F2D}"
EndProject
Project("{FAE04EC0-301F-11D3-BF4B-00C04F79EFBC}") = "TodoSampleBackend", "TodoSampleBackend\TodoSampleBackend.csproj", "{209FA716-A7AD-4095-BD70-C8710FC66FA7}"
EndProject
Project("{FAE04EC0-301F-11D3-BF4B-00C04F79EFBC}") = "TodoSampleBackend.Tests", "TodoSampleBackend.Tests\TodoSampleBackend.Tests.csproj", "{4B8F9FFD-C20A-4739-9A41-A4DB291AE1EF}"
EndProject
Project("{2150E333-8FDC-42A3-9474-1A3956D46DE8}") = "Backend", "Backend", "{2B90AFA1-B19A-4D80-8AB9-9F861D4D4532}"
EndProject
Project("{2150E333-8FDC-42A3-9474-1A3956D46DE8}") = "Mobile", "Mobile", "{1CCBB6BF-DAD3-40B9-85DD-1209C531DA7D}"
EndProject
Project("{FAE04EC0-301F-11D3-BF4B-00C04F79EFBC}") = "TodoSampleMobile", "TodoSampleMobile\TodoSampleMobile.csproj", "{ED6124A5-34CF-4B52-8BAF-E8F4A0E5681F}"
EndProject
Project("{FAE04EC0-301F-11D3-BF4B-00C04F79EFBC}") = "TodoSampleMobile.Services", "TodoSampleMobile.Services\TodoSampleMobile.Services.csproj", "{3BFFB0E0-8F37-47F6-9F90-A0ABD52CA21D}"
EndProject
Project("{FAE04EC0-301F-11D3-BF4B-00C04F79EFBC}") = "TododSampleMobile.UITest", "TodoSampleMobile.UITest\TododSampleMobile.UITest.csproj", "{C609F28E-CB74-44D0-B9A9-DD9F31EC2732}"
EndProject
Project("{2150E333-8FDC-42A3-9474-1A3956D46DE8}") = "Platfroms", "Platfroms", "{9E813A39-32FA-4E8B-A209-202EF0439447}"
EndProject
Project("{FAE04EC0-301F-11D3-BF4B-00C04F79EFBC}") = "TodoSampleMobile.Droid", "TodoSampleMobile.Droid\TodoSampleMobile.Droid.csproj", "{A5CEF217-D889-491A-A3E7-1B7D47B925CB}"
EndProject
Project("{FAE04EC0-301F-11D3-BF4B-00C04F79EFBC}") = "TodoSampleMobile.Domain", "TodoSampleMobile.Domain\TodoSampleMobile.Domain.csproj", "{67F9D3A8-F71E-4428-913F-C37AE82CDB24}"
EndProject
Project("{FAE04EC0-301F-11D3-BF4B-00C04F79EFBC}") = "TodoSampleMobile.iOS", "TodoSampleMobile.iOS\TodoSampleMobile.iOS.csproj", "{522564A6-50DE-4AA7-A55D-B5A3A29807B9}"
EndProject
Global
	GlobalSection(SolutionConfigurationPlatforms) = preSolution
		Ad-Hoc|Any CPU = Ad-Hoc|Any CPU
		Ad-Hoc|iPhone = Ad-Hoc|iPhone
		Ad-Hoc|iPhoneSimulator = Ad-Hoc|iPhoneSimulator
		AppStore|Any CPU = AppStore|Any CPU
		AppStore|iPhone = AppStore|iPhone
		AppStore|iPhoneSimulator = AppStore|iPhoneSimulator
		Debug|Any CPU = Debug|Any CPU
		Debug|iPhone = Debug|iPhone
		Debug|iPhoneSimulator = Debug|iPhoneSimulator
		Release|Any CPU = Release|Any CPU
		Release|iPhone = Release|iPhone
		Release|iPhoneSimulator = Release|iPhoneSimulator
	EndGlobalSection
	GlobalSection(ProjectConfigurationPlatforms) = postSolution
		{209FA716-A7AD-4095-BD70-C8710FC66FA7}.Ad-Hoc|Any CPU.ActiveCfg = Release|Any CPU
		{209FA716-A7AD-4095-BD70-C8710FC66FA7}.Ad-Hoc|Any CPU.Build.0 = Release|Any CPU
		{209FA716-A7AD-4095-BD70-C8710FC66FA7}.Ad-Hoc|iPhone.ActiveCfg = Release|Any CPU
		{209FA716-A7AD-4095-BD70-C8710FC66FA7}.Ad-Hoc|iPhone.Build.0 = Release|Any CPU
		{209FA716-A7AD-4095-BD70-C8710FC66FA7}.Ad-Hoc|iPhoneSimulator.ActiveCfg = Release|Any CPU
		{209FA716-A7AD-4095-BD70-C8710FC66FA7}.Ad-Hoc|iPhoneSimulator.Build.0 = Release|Any CPU
		{209FA716-A7AD-4095-BD70-C8710FC66FA7}.AppStore|Any CPU.ActiveCfg = Release|Any CPU
		{209FA716-A7AD-4095-BD70-C8710FC66FA7}.AppStore|Any CPU.Build.0 = Release|Any CPU
		{209FA716-A7AD-4095-BD70-C8710FC66FA7}.AppStore|iPhone.ActiveCfg = Release|Any CPU
		{209FA716-A7AD-4095-BD70-C8710FC66FA7}.AppStore|iPhone.Build.0 = Release|Any CPU
		{209FA716-A7AD-4095-BD70-C8710FC66FA7}.AppStore|iPhoneSimulator.ActiveCfg = Release|Any CPU
		{209FA716-A7AD-4095-BD70-C8710FC66FA7}.AppStore|iPhoneSimulator.Build.0 = Release|Any CPU
		{209FA716-A7AD-4095-BD70-C8710FC66FA7}.Debug|Any CPU.ActiveCfg = Debug|Any CPU
		{209FA716-A7AD-4095-BD70-C8710FC66FA7}.Debug|Any CPU.Build.0 = Debug|Any CPU
		{209FA716-A7AD-4095-BD70-C8710FC66FA7}.Debug|iPhone.ActiveCfg = Debug|Any CPU
		{209FA716-A7AD-4095-BD70-C8710FC66FA7}.Debug|iPhone.Build.0 = Debug|Any CPU
		{209FA716-A7AD-4095-BD70-C8710FC66FA7}.Debug|iPhoneSimulator.ActiveCfg = Debug|Any CPU
		{209FA716-A7AD-4095-BD70-C8710FC66FA7}.Debug|iPhoneSimulator.Build.0 = Debug|Any CPU
		{209FA716-A7AD-4095-BD70-C8710FC66FA7}.Release|Any CPU.ActiveCfg = Release|Any CPU
		{209FA716-A7AD-4095-BD70-C8710FC66FA7}.Release|Any CPU.Build.0 = Release|Any CPU
		{209FA716-A7AD-4095-BD70-C8710FC66FA7}.Release|iPhone.ActiveCfg = Release|Any CPU
		{209FA716-A7AD-4095-BD70-C8710FC66FA7}.Release|iPhone.Build.0 = Release|Any CPU
		{209FA716-A7AD-4095-BD70-C8710FC66FA7}.Release|iPhoneSimulator.ActiveCfg = Release|Any CPU
		{209FA716-A7AD-4095-BD70-C8710FC66FA7}.Release|iPhoneSimulator.Build.0 = Release|Any CPU
		{4B8F9FFD-C20A-4739-9A41-A4DB291AE1EF}.Ad-Hoc|Any CPU.ActiveCfg = Release|Any CPU
		{4B8F9FFD-C20A-4739-9A41-A4DB291AE1EF}.Ad-Hoc|Any CPU.Build.0 = Release|Any CPU
		{4B8F9FFD-C20A-4739-9A41-A4DB291AE1EF}.Ad-Hoc|iPhone.ActiveCfg = Release|Any CPU
		{4B8F9FFD-C20A-4739-9A41-A4DB291AE1EF}.Ad-Hoc|iPhone.Build.0 = Release|Any CPU
		{4B8F9FFD-C20A-4739-9A41-A4DB291AE1EF}.Ad-Hoc|iPhoneSimulator.ActiveCfg = Release|Any CPU
		{4B8F9FFD-C20A-4739-9A41-A4DB291AE1EF}.Ad-Hoc|iPhoneSimulator.Build.0 = Release|Any CPU
		{4B8F9FFD-C20A-4739-9A41-A4DB291AE1EF}.AppStore|Any CPU.ActiveCfg = Release|Any CPU
		{4B8F9FFD-C20A-4739-9A41-A4DB291AE1EF}.AppStore|Any CPU.Build.0 = Release|Any CPU
		{4B8F9FFD-C20A-4739-9A41-A4DB291AE1EF}.AppStore|iPhone.ActiveCfg = Release|Any CPU
		{4B8F9FFD-C20A-4739-9A41-A4DB291AE1EF}.AppStore|iPhone.Build.0 = Release|Any CPU
		{4B8F9FFD-C20A-4739-9A41-A4DB291AE1EF}.AppStore|iPhoneSimulator.ActiveCfg = Release|Any CPU
		{4B8F9FFD-C20A-4739-9A41-A4DB291AE1EF}.AppStore|iPhoneSimulator.Build.0 = Release|Any CPU
		{4B8F9FFD-C20A-4739-9A41-A4DB291AE1EF}.Debug|Any CPU.ActiveCfg = Debug|Any CPU
		{4B8F9FFD-C20A-4739-9A41-A4DB291AE1EF}.Debug|Any CPU.Build.0 = Debug|Any CPU
		{4B8F9FFD-C20A-4739-9A41-A4DB291AE1EF}.Debug|iPhone.ActiveCfg = Debug|Any CPU
		{4B8F9FFD-C20A-4739-9A41-A4DB291AE1EF}.Debug|iPhone.Build.0 = Debug|Any CPU
		{4B8F9FFD-C20A-4739-9A41-A4DB291AE1EF}.Debug|iPhoneSimulator.ActiveCfg = Debug|Any CPU
		{4B8F9FFD-C20A-4739-9A41-A4DB291AE1EF}.Debug|iPhoneSimulator.Build.0 = Debug|Any CPU
		{4B8F9FFD-C20A-4739-9A41-A4DB291AE1EF}.Release|Any CPU.ActiveCfg = Release|Any CPU
		{4B8F9FFD-C20A-4739-9A41-A4DB291AE1EF}.Release|Any CPU.Build.0 = Release|Any CPU
		{4B8F9FFD-C20A-4739-9A41-A4DB291AE1EF}.Release|iPhone.ActiveCfg = Release|Any CPU
		{4B8F9FFD-C20A-4739-9A41-A4DB291AE1EF}.Release|iPhone.Build.0 = Release|Any CPU
		{4B8F9FFD-C20A-4739-9A41-A4DB291AE1EF}.Release|iPhoneSimulator.ActiveCfg = Release|Any CPU
		{4B8F9FFD-C20A-4739-9A41-A4DB291AE1EF}.Release|iPhoneSimulator.Build.0 = Release|Any CPU
		{ED6124A5-34CF-4B52-8BAF-E8F4A0E5681F}.Ad-Hoc|Any CPU.ActiveCfg = Release|Any CPU
		{ED6124A5-34CF-4B52-8BAF-E8F4A0E5681F}.Ad-Hoc|Any CPU.Build.0 = Release|Any CPU
		{ED6124A5-34CF-4B52-8BAF-E8F4A0E5681F}.Ad-Hoc|iPhone.ActiveCfg = Release|Any CPU
		{ED6124A5-34CF-4B52-8BAF-E8F4A0E5681F}.Ad-Hoc|iPhone.Build.0 = Release|Any CPU
		{ED6124A5-34CF-4B52-8BAF-E8F4A0E5681F}.Ad-Hoc|iPhoneSimulator.ActiveCfg = Release|Any CPU
		{ED6124A5-34CF-4B52-8BAF-E8F4A0E5681F}.Ad-Hoc|iPhoneSimulator.Build.0 = Release|Any CPU
		{ED6124A5-34CF-4B52-8BAF-E8F4A0E5681F}.AppStore|Any CPU.ActiveCfg = Release|Any CPU
		{ED6124A5-34CF-4B52-8BAF-E8F4A0E5681F}.AppStore|Any CPU.Build.0 = Release|Any CPU
		{ED6124A5-34CF-4B52-8BAF-E8F4A0E5681F}.AppStore|iPhone.ActiveCfg = Release|Any CPU
		{ED6124A5-34CF-4B52-8BAF-E8F4A0E5681F}.AppStore|iPhone.Build.0 = Release|Any CPU
		{ED6124A5-34CF-4B52-8BAF-E8F4A0E5681F}.AppStore|iPhoneSimulator.ActiveCfg = Release|Any CPU
		{ED6124A5-34CF-4B52-8BAF-E8F4A0E5681F}.AppStore|iPhoneSimulator.Build.0 = Release|Any CPU
		{ED6124A5-34CF-4B52-8BAF-E8F4A0E5681F}.Debug|Any CPU.ActiveCfg = Debug|Any CPU
		{ED6124A5-34CF-4B52-8BAF-E8F4A0E5681F}.Debug|Any CPU.Build.0 = Debug|Any CPU
		{ED6124A5-34CF-4B52-8BAF-E8F4A0E5681F}.Debug|iPhone.ActiveCfg = Debug|Any CPU
		{ED6124A5-34CF-4B52-8BAF-E8F4A0E5681F}.Debug|iPhone.Build.0 = Debug|Any CPU
		{ED6124A5-34CF-4B52-8BAF-E8F4A0E5681F}.Debug|iPhoneSimulator.ActiveCfg = Debug|Any CPU
		{ED6124A5-34CF-4B52-8BAF-E8F4A0E5681F}.Debug|iPhoneSimulator.Build.0 = Debug|Any CPU
		{ED6124A5-34CF-4B52-8BAF-E8F4A0E5681F}.Release|Any CPU.ActiveCfg = Release|Any CPU
		{ED6124A5-34CF-4B52-8BAF-E8F4A0E5681F}.Release|Any CPU.Build.0 = Release|Any CPU
		{ED6124A5-34CF-4B52-8BAF-E8F4A0E5681F}.Release|iPhone.ActiveCfg = Release|Any CPU
		{ED6124A5-34CF-4B52-8BAF-E8F4A0E5681F}.Release|iPhone.Build.0 = Release|Any CPU
		{ED6124A5-34CF-4B52-8BAF-E8F4A0E5681F}.Release|iPhoneSimulator.ActiveCfg = Release|Any CPU
		{ED6124A5-34CF-4B52-8BAF-E8F4A0E5681F}.Release|iPhoneSimulator.Build.0 = Release|Any CPU
		{3BFFB0E0-8F37-47F6-9F90-A0ABD52CA21D}.Ad-Hoc|Any CPU.ActiveCfg = Release|Any CPU
		{3BFFB0E0-8F37-47F6-9F90-A0ABD52CA21D}.Ad-Hoc|Any CPU.Build.0 = Release|Any CPU
		{3BFFB0E0-8F37-47F6-9F90-A0ABD52CA21D}.Ad-Hoc|iPhone.ActiveCfg = Release|Any CPU
		{3BFFB0E0-8F37-47F6-9F90-A0ABD52CA21D}.Ad-Hoc|iPhone.Build.0 = Release|Any CPU
		{3BFFB0E0-8F37-47F6-9F90-A0ABD52CA21D}.Ad-Hoc|iPhoneSimulator.ActiveCfg = Release|Any CPU
		{3BFFB0E0-8F37-47F6-9F90-A0ABD52CA21D}.Ad-Hoc|iPhoneSimulator.Build.0 = Release|Any CPU
		{3BFFB0E0-8F37-47F6-9F90-A0ABD52CA21D}.AppStore|Any CPU.ActiveCfg = Release|Any CPU
		{3BFFB0E0-8F37-47F6-9F90-A0ABD52CA21D}.AppStore|Any CPU.Build.0 = Release|Any CPU
		{3BFFB0E0-8F37-47F6-9F90-A0ABD52CA21D}.AppStore|iPhone.ActiveCfg = Release|Any CPU
		{3BFFB0E0-8F37-47F6-9F90-A0ABD52CA21D}.AppStore|iPhone.Build.0 = Release|Any CPU
		{3BFFB0E0-8F37-47F6-9F90-A0ABD52CA21D}.AppStore|iPhoneSimulator.ActiveCfg = Release|Any CPU
		{3BFFB0E0-8F37-47F6-9F90-A0ABD52CA21D}.AppStore|iPhoneSimulator.Build.0 = Release|Any CPU
		{3BFFB0E0-8F37-47F6-9F90-A0ABD52CA21D}.Debug|Any CPU.ActiveCfg = Debug|Any CPU
		{3BFFB0E0-8F37-47F6-9F90-A0ABD52CA21D}.Debug|Any CPU.Build.0 = Debug|Any CPU
		{3BFFB0E0-8F37-47F6-9F90-A0ABD52CA21D}.Debug|iPhone.ActiveCfg = Debug|Any CPU
		{3BFFB0E0-8F37-47F6-9F90-A0ABD52CA21D}.Debug|iPhone.Build.0 = Debug|Any CPU
		{3BFFB0E0-8F37-47F6-9F90-A0ABD52CA21D}.Debug|iPhoneSimulator.ActiveCfg = Debug|Any CPU
		{3BFFB0E0-8F37-47F6-9F90-A0ABD52CA21D}.Debug|iPhoneSimulator.Build.0 = Debug|Any CPU
		{3BFFB0E0-8F37-47F6-9F90-A0ABD52CA21D}.Release|Any CPU.ActiveCfg = Release|Any CPU
		{3BFFB0E0-8F37-47F6-9F90-A0ABD52CA21D}.Release|Any CPU.Build.0 = Release|Any CPU
		{3BFFB0E0-8F37-47F6-9F90-A0ABD52CA21D}.Release|iPhone.ActiveCfg = Release|Any CPU
		{3BFFB0E0-8F37-47F6-9F90-A0ABD52CA21D}.Release|iPhone.Build.0 = Release|Any CPU
		{3BFFB0E0-8F37-47F6-9F90-A0ABD52CA21D}.Release|iPhoneSimulator.ActiveCfg = Release|Any CPU
		{3BFFB0E0-8F37-47F6-9F90-A0ABD52CA21D}.Release|iPhoneSimulator.Build.0 = Release|Any CPU
		{C609F28E-CB74-44D0-B9A9-DD9F31EC2732}.Ad-Hoc|Any CPU.ActiveCfg = Release|Any CPU
		{C609F28E-CB74-44D0-B9A9-DD9F31EC2732}.Ad-Hoc|Any CPU.Build.0 = Release|Any CPU
		{C609F28E-CB74-44D0-B9A9-DD9F31EC2732}.Ad-Hoc|iPhone.ActiveCfg = Release|Any CPU
		{C609F28E-CB74-44D0-B9A9-DD9F31EC2732}.Ad-Hoc|iPhone.Build.0 = Release|Any CPU
		{C609F28E-CB74-44D0-B9A9-DD9F31EC2732}.Ad-Hoc|iPhoneSimulator.ActiveCfg = Release|Any CPU
		{C609F28E-CB74-44D0-B9A9-DD9F31EC2732}.Ad-Hoc|iPhoneSimulator.Build.0 = Release|Any CPU
		{C609F28E-CB74-44D0-B9A9-DD9F31EC2732}.AppStore|Any CPU.ActiveCfg = Release|Any CPU
		{C609F28E-CB74-44D0-B9A9-DD9F31EC2732}.AppStore|Any CPU.Build.0 = Release|Any CPU
		{C609F28E-CB74-44D0-B9A9-DD9F31EC2732}.AppStore|iPhone.ActiveCfg = Release|Any CPU
		{C609F28E-CB74-44D0-B9A9-DD9F31EC2732}.AppStore|iPhone.Build.0 = Release|Any CPU
		{C609F28E-CB74-44D0-B9A9-DD9F31EC2732}.AppStore|iPhoneSimulator.ActiveCfg = Release|Any CPU
		{C609F28E-CB74-44D0-B9A9-DD9F31EC2732}.AppStore|iPhoneSimulator.Build.0 = Release|Any CPU
		{C609F28E-CB74-44D0-B9A9-DD9F31EC2732}.Debug|Any CPU.ActiveCfg = Debug|Any CPU
		{C609F28E-CB74-44D0-B9A9-DD9F31EC2732}.Debug|Any CPU.Build.0 = Debug|Any CPU
		{C609F28E-CB74-44D0-B9A9-DD9F31EC2732}.Debug|iPhone.ActiveCfg = Debug|Any CPU
		{C609F28E-CB74-44D0-B9A9-DD9F31EC2732}.Debug|iPhone.Build.0 = Debug|Any CPU
		{C609F28E-CB74-44D0-B9A9-DD9F31EC2732}.Debug|iPhoneSimulator.ActiveCfg = Debug|Any CPU
		{C609F28E-CB74-44D0-B9A9-DD9F31EC2732}.Debug|iPhoneSimulator.Build.0 = Debug|Any CPU
		{C609F28E-CB74-44D0-B9A9-DD9F31EC2732}.Release|Any CPU.ActiveCfg = Release|Any CPU
		{C609F28E-CB74-44D0-B9A9-DD9F31EC2732}.Release|Any CPU.Build.0 = Release|Any CPU
		{C609F28E-CB74-44D0-B9A9-DD9F31EC2732}.Release|iPhone.ActiveCfg = Release|Any CPU
		{C609F28E-CB74-44D0-B9A9-DD9F31EC2732}.Release|iPhone.Build.0 = Release|Any CPU
		{C609F28E-CB74-44D0-B9A9-DD9F31EC2732}.Release|iPhoneSimulator.ActiveCfg = Release|Any CPU
		{C609F28E-CB74-44D0-B9A9-DD9F31EC2732}.Release|iPhoneSimulator.Build.0 = Release|Any CPU
		{A5CEF217-D889-491A-A3E7-1B7D47B925CB}.Ad-Hoc|Any CPU.ActiveCfg = Release|Any CPU
		{A5CEF217-D889-491A-A3E7-1B7D47B925CB}.Ad-Hoc|Any CPU.Build.0 = Release|Any CPU
		{A5CEF217-D889-491A-A3E7-1B7D47B925CB}.Ad-Hoc|Any CPU.Deploy.0 = Release|Any CPU
		{A5CEF217-D889-491A-A3E7-1B7D47B925CB}.Ad-Hoc|iPhone.ActiveCfg = Release|Any CPU
		{A5CEF217-D889-491A-A3E7-1B7D47B925CB}.Ad-Hoc|iPhone.Build.0 = Release|Any CPU
		{A5CEF217-D889-491A-A3E7-1B7D47B925CB}.Ad-Hoc|iPhone.Deploy.0 = Release|Any CPU
		{A5CEF217-D889-491A-A3E7-1B7D47B925CB}.Ad-Hoc|iPhoneSimulator.ActiveCfg = Release|Any CPU
		{A5CEF217-D889-491A-A3E7-1B7D47B925CB}.Ad-Hoc|iPhoneSimulator.Build.0 = Release|Any CPU
		{A5CEF217-D889-491A-A3E7-1B7D47B925CB}.Ad-Hoc|iPhoneSimulator.Deploy.0 = Release|Any CPU
		{A5CEF217-D889-491A-A3E7-1B7D47B925CB}.AppStore|Any CPU.ActiveCfg = Release|Any CPU
		{A5CEF217-D889-491A-A3E7-1B7D47B925CB}.AppStore|Any CPU.Build.0 = Release|Any CPU
		{A5CEF217-D889-491A-A3E7-1B7D47B925CB}.AppStore|Any CPU.Deploy.0 = Release|Any CPU
		{A5CEF217-D889-491A-A3E7-1B7D47B925CB}.AppStore|iPhone.ActiveCfg = Release|Any CPU
		{A5CEF217-D889-491A-A3E7-1B7D47B925CB}.AppStore|iPhone.Build.0 = Release|Any CPU
		{A5CEF217-D889-491A-A3E7-1B7D47B925CB}.AppStore|iPhone.Deploy.0 = Release|Any CPU
		{A5CEF217-D889-491A-A3E7-1B7D47B925CB}.AppStore|iPhoneSimulator.ActiveCfg = Release|Any CPU
		{A5CEF217-D889-491A-A3E7-1B7D47B925CB}.AppStore|iPhoneSimulator.Build.0 = Release|Any CPU
		{A5CEF217-D889-491A-A3E7-1B7D47B925CB}.AppStore|iPhoneSimulator.Deploy.0 = Release|Any CPU
		{A5CEF217-D889-491A-A3E7-1B7D47B925CB}.Debug|Any CPU.ActiveCfg = Debug|Any CPU
		{A5CEF217-D889-491A-A3E7-1B7D47B925CB}.Debug|Any CPU.Build.0 = Debug|Any CPU
		{A5CEF217-D889-491A-A3E7-1B7D47B925CB}.Debug|Any CPU.Deploy.0 = Debug|Any CPU
		{A5CEF217-D889-491A-A3E7-1B7D47B925CB}.Debug|iPhone.ActiveCfg = Debug|Any CPU
		{A5CEF217-D889-491A-A3E7-1B7D47B925CB}.Debug|iPhone.Build.0 = Debug|Any CPU
		{A5CEF217-D889-491A-A3E7-1B7D47B925CB}.Debug|iPhone.Deploy.0 = Debug|Any CPU
		{A5CEF217-D889-491A-A3E7-1B7D47B925CB}.Debug|iPhoneSimulator.ActiveCfg = Debug|Any CPU
		{A5CEF217-D889-491A-A3E7-1B7D47B925CB}.Debug|iPhoneSimulator.Build.0 = Debug|Any CPU
		{A5CEF217-D889-491A-A3E7-1B7D47B925CB}.Debug|iPhoneSimulator.Deploy.0 = Debug|Any CPU
		{A5CEF217-D889-491A-A3E7-1B7D47B925CB}.Release|Any CPU.ActiveCfg = Release|Any CPU
		{A5CEF217-D889-491A-A3E7-1B7D47B925CB}.Release|Any CPU.Build.0 = Release|Any CPU
		{A5CEF217-D889-491A-A3E7-1B7D47B925CB}.Release|Any CPU.Deploy.0 = Release|Any CPU
		{A5CEF217-D889-491A-A3E7-1B7D47B925CB}.Release|iPhone.ActiveCfg = Release|Any CPU
		{A5CEF217-D889-491A-A3E7-1B7D47B925CB}.Release|iPhone.Build.0 = Release|Any CPU
		{A5CEF217-D889-491A-A3E7-1B7D47B925CB}.Release|iPhone.Deploy.0 = Release|Any CPU
		{A5CEF217-D889-491A-A3E7-1B7D47B925CB}.Release|iPhoneSimulator.ActiveCfg = Release|Any CPU
		{A5CEF217-D889-491A-A3E7-1B7D47B925CB}.Release|iPhoneSimulator.Build.0 = Release|Any CPU
		{A5CEF217-D889-491A-A3E7-1B7D47B925CB}.Release|iPhoneSimulator.Deploy.0 = Release|Any CPU
		{67F9D3A8-F71E-4428-913F-C37AE82CDB24}.Ad-Hoc|Any CPU.ActiveCfg = Release|Any CPU
		{67F9D3A8-F71E-4428-913F-C37AE82CDB24}.Ad-Hoc|Any CPU.Build.0 = Release|Any CPU
		{67F9D3A8-F71E-4428-913F-C37AE82CDB24}.Ad-Hoc|iPhone.ActiveCfg = Release|Any CPU
		{67F9D3A8-F71E-4428-913F-C37AE82CDB24}.Ad-Hoc|iPhone.Build.0 = Release|Any CPU
		{67F9D3A8-F71E-4428-913F-C37AE82CDB24}.Ad-Hoc|iPhoneSimulator.ActiveCfg = Release|Any CPU
		{67F9D3A8-F71E-4428-913F-C37AE82CDB24}.Ad-Hoc|iPhoneSimulator.Build.0 = Release|Any CPU
		{67F9D3A8-F71E-4428-913F-C37AE82CDB24}.AppStore|Any CPU.ActiveCfg = Release|Any CPU
		{67F9D3A8-F71E-4428-913F-C37AE82CDB24}.AppStore|Any CPU.Build.0 = Release|Any CPU
		{67F9D3A8-F71E-4428-913F-C37AE82CDB24}.AppStore|iPhone.ActiveCfg = Release|Any CPU
		{67F9D3A8-F71E-4428-913F-C37AE82CDB24}.AppStore|iPhone.Build.0 = Release|Any CPU
		{67F9D3A8-F71E-4428-913F-C37AE82CDB24}.AppStore|iPhoneSimulator.ActiveCfg = Release|Any CPU
		{67F9D3A8-F71E-4428-913F-C37AE82CDB24}.AppStore|iPhoneSimulator.Build.0 = Release|Any CPU
		{67F9D3A8-F71E-4428-913F-C37AE82CDB24}.Debug|Any CPU.ActiveCfg = Debug|Any CPU
		{67F9D3A8-F71E-4428-913F-C37AE82CDB24}.Debug|Any CPU.Build.0 = Debug|Any CPU
		{67F9D3A8-F71E-4428-913F-C37AE82CDB24}.Debug|iPhone.ActiveCfg = Debug|Any CPU
		{67F9D3A8-F71E-4428-913F-C37AE82CDB24}.Debug|iPhone.Build.0 = Debug|Any CPU
		{67F9D3A8-F71E-4428-913F-C37AE82CDB24}.Debug|iPhoneSimulator.ActiveCfg = Debug|Any CPU
		{67F9D3A8-F71E-4428-913F-C37AE82CDB24}.Debug|iPhoneSimulator.Build.0 = Debug|Any CPU
		{67F9D3A8-F71E-4428-913F-C37AE82CDB24}.Release|Any CPU.ActiveCfg = Release|Any CPU
		{67F9D3A8-F71E-4428-913F-C37AE82CDB24}.Release|Any CPU.Build.0 = Release|Any CPU
		{67F9D3A8-F71E-4428-913F-C37AE82CDB24}.Release|iPhone.ActiveCfg = Release|Any CPU
		{67F9D3A8-F71E-4428-913F-C37AE82CDB24}.Release|iPhone.Build.0 = Release|Any CPU
		{67F9D3A8-F71E-4428-913F-C37AE82CDB24}.Release|iPhoneSimulator.ActiveCfg = Release|Any CPU
		{67F9D3A8-F71E-4428-913F-C37AE82CDB24}.Release|iPhoneSimulator.Build.0 = Release|Any CPU
		{522564A6-50DE-4AA7-A55D-B5A3A29807B9}.Ad-Hoc|Any CPU.ActiveCfg = Ad-Hoc|iPhone
		{522564A6-50DE-4AA7-A55D-B5A3A29807B9}.Ad-Hoc|iPhone.ActiveCfg = Ad-Hoc|iPhone
		{522564A6-50DE-4AA7-A55D-B5A3A29807B9}.Ad-Hoc|iPhone.Build.0 = Ad-Hoc|iPhone
		{522564A6-50DE-4AA7-A55D-B5A3A29807B9}.Ad-Hoc|iPhoneSimulator.ActiveCfg = Ad-Hoc|iPhoneSimulator
		{522564A6-50DE-4AA7-A55D-B5A3A29807B9}.Ad-Hoc|iPhoneSimulator.Build.0 = Ad-Hoc|iPhoneSimulator
		{522564A6-50DE-4AA7-A55D-B5A3A29807B9}.AppStore|Any CPU.ActiveCfg = AppStore|iPhone
		{522564A6-50DE-4AA7-A55D-B5A3A29807B9}.AppStore|iPhone.ActiveCfg = AppStore|iPhone
		{522564A6-50DE-4AA7-A55D-B5A3A29807B9}.AppStore|iPhone.Build.0 = AppStore|iPhone
		{522564A6-50DE-4AA7-A55D-B5A3A29807B9}.AppStore|iPhoneSimulator.ActiveCfg = AppStore|iPhoneSimulator
		{522564A6-50DE-4AA7-A55D-B5A3A29807B9}.AppStore|iPhoneSimulator.Build.0 = AppStore|iPhoneSimulator
		{522564A6-50DE-4AA7-A55D-B5A3A29807B9}.Debug|Any CPU.ActiveCfg = Debug|iPhone
		{522564A6-50DE-4AA7-A55D-B5A3A29807B9}.Debug|iPhone.ActiveCfg = Debug|iPhone
		{522564A6-50DE-4AA7-A55D-B5A3A29807B9}.Debug|iPhone.Build.0 = Debug|iPhone
		{522564A6-50DE-4AA7-A55D-B5A3A29807B9}.Debug|iPhoneSimulator.ActiveCfg = Debug|iPhoneSimulator
		{522564A6-50DE-4AA7-A55D-B5A3A29807B9}.Debug|iPhoneSimulator.Build.0 = Debug|iPhoneSimulator
		{522564A6-50DE-4AA7-A55D-B5A3A29807B9}.Release|Any CPU.ActiveCfg = Release|iPhone
		{522564A6-50DE-4AA7-A55D-B5A3A29807B9}.Release|iPhone.ActiveCfg = Release|iPhone
		{522564A6-50DE-4AA7-A55D-B5A3A29807B9}.Release|iPhone.Build.0 = Release|iPhone
		{522564A6-50DE-4AA7-A55D-B5A3A29807B9}.Release|iPhoneSimulator.ActiveCfg = Release|iPhoneSimulator
		{522564A6-50DE-4AA7-A55D-B5A3A29807B9}.Release|iPhoneSimulator.Build.0 = Release|iPhoneSimulator
	EndGlobalSection
	GlobalSection(SolutionProperties) = preSolution
		HideSolutionNode = FALSE
	EndGlobalSection
	GlobalSection(NestedProjects) = preSolution
		{19AAB43E-CC15-4E7D-8D55-1CE5949B2F2D} = {2B90AFA1-B19A-4D80-8AB9-9F861D4D4532}
		{209FA716-A7AD-4095-BD70-C8710FC66FA7} = {2B90AFA1-B19A-4D80-8AB9-9F861D4D4532}
		{4B8F9FFD-C20A-4739-9A41-A4DB291AE1EF} = {2B90AFA1-B19A-4D80-8AB9-9F861D4D4532}
		{ED6124A5-34CF-4B52-8BAF-E8F4A0E5681F} = {1CCBB6BF-DAD3-40B9-85DD-1209C531DA7D}
		{3BFFB0E0-8F37-47F6-9F90-A0ABD52CA21D} = {1CCBB6BF-DAD3-40B9-85DD-1209C531DA7D}
		{C609F28E-CB74-44D0-B9A9-DD9F31EC2732} = {1CCBB6BF-DAD3-40B9-85DD-1209C531DA7D}
		{9E813A39-32FA-4E8B-A209-202EF0439447} = {1CCBB6BF-DAD3-40B9-85DD-1209C531DA7D}
		{A5CEF217-D889-491A-A3E7-1B7D47B925CB} = {9E813A39-32FA-4E8B-A209-202EF0439447}
		{67F9D3A8-F71E-4428-913F-C37AE82CDB24} = {1CCBB6BF-DAD3-40B9-85DD-1209C531DA7D}
		{522564A6-50DE-4AA7-A55D-B5A3A29807B9} = {9E813A39-32FA-4E8B-A209-202EF0439447}
	EndGlobalSection
EndGlobal
